{
    "name": "breaktime",
    "version": "1.0.0",
    "lockfileVersion": 1,
    "requires": true,
    "dependencies": {
        "asciimo": {
            "version": "0.3.1",
            "resolved": "https://registry.npmjs.org/asciimo/-/asciimo-0.3.1.tgz",
            "integrity": "sha1-1kBGvz1nAklq3ONFxsS/nNBcDo8=",
            "requires": {
                "colors": ">= 0.3.0"
            }
        },
        "colors": {
            "version": "1.3.2",
            "resolved": "https://registry.npmjs.org/colors/-/colors-1.3.2.tgz",
            "integrity": "sha512-rhP0JSBGYvpcNQj4s5AdShMeE5ahMop96cTeDl/v9qQQm2fYClE2QXZRi8wLzc+GmXSxdIqqbOIAhyObEXDbfQ=="
        },
        "lodash": {
            "version": "3.10.1",
            "resolved": "http://registry.npmjs.org/lodash/-/lodash-3.10.1.tgz",
            "integrity": "sha1-W/Rejkm6QYnhfUgnid/RW9FAt7Y="
        },
        "moment": {
            "version": "2.22.2",
            "resolved": "https://registry.npmjs.org/moment/-/moment-2.22.2.tgz",
            "integrity": "sha1-PCV/mDn8DpP/UxSWMiOeuQeD/2Y="
        },
        "one-time": {
            "version": "0.0.4",
            "resolved": "https://registry.npmjs.org/one-time/-/one-time-0.0.4.tgz",
            "integrity": "sha1-+M33eISCb+Tf+T46nMN7HkSAdC4="
        },
        "say": {
            "version": "0.15.0",
            "resolved": "https://registry.npmjs.org/say/-/say-0.15.0.tgz",
            "integrity": "sha512-X/vJ/ETDUnU0WZVJ1HA6AHzJJzT0PvFuZyThJ76wkqwsgcgvqJVH3tf+EqHdDBgANdYUEEmqzYo6I31cvT08pQ==",
            "requires": {
                "one-time": "0.0.4"
            }
        },
        "shelljs": {
            "version": "0.4.0",
            "resolved": "https://registry.npmjs.org/shelljs/-/shelljs-0.4.0.tgz",
            "integrity": "sha1-GZ/p4t43nv0D00X/FAYlJeSzHsI="
        }
    }
}
